# THIS IS AN AUTOGENERATED FILE. DO NOT EDIT THIS FILE DIRECTLY.
# yarn lockfile v1


apexcharts@^3.26.3:
  version "3.26.3"
  resolved "https://registry.npmjs.org/apexcharts/-/apexcharts-3.26.3.tgz"
  integrity sha512-zbP7RBBV2CGffoVMIuTCUG64YbEUzV8IIT7iNVLMtY/OAVXTjPksDxSqKIniTvgJoscKe6sx4P56qDpBSU19VA==
  dependencies:
    svg.draggable.js "^2.2.2"
    svg.easing.js "^2.0.0"
    svg.filter.js "^2.0.2"
    svg.pathmorphing.js "^0.1.3"
    svg.resize.js "^1.4.3"
    svg.select.js "^3.0.1"

chart.js@^3.2.1:
  version "3.2.1"
  resolved "https://registry.npmjs.org/chart.js/-/chart.js-3.2.1.tgz"
  integrity sha512-XsNDf3854RGZkLCt+5vWAXGAtUdKP2nhfikLGZqud6G4CvRE2ts64TIxTTfspOin2kEZvPgomE29E6oU02dYjQ==

chartjs-plugin-colorschemes@^0.4.0:
  version "0.4.0"
  resolved "https://registry.npmjs.org/chartjs-plugin-colorschemes/-/chartjs-plugin-colorschemes-0.4.0.tgz"
  integrity sha512-GUAulGFa6igdhi/xF9XopLJknwtXZT0wwEB+e/D4SJcRGY1HdwzX84pVn5BSpnk1idF6RJxZoA7w396R7BOE9A==

colorette@^1.2.2:
  version "1.3.0"
  resolved "https://registry.yarnpkg.com/colorette/-/colorette-1.3.0.tgz#ff45d2f0edb244069d3b772adeb04fed38d0a0af"
  integrity sha512-ecORCqbSFP7Wm8Y6lyqMJjexBQqXSF7SSeaTyGGphogUjBlFP9m9o08wy86HL2uB7fMTxtOUzLMk7ogKcxMg1w==

dom7@^4.0.0:
  version "4.0.0"
  resolved "https://registry.yarnpkg.com/dom7/-/dom7-4.0.0.tgz#69c8fb9b170c92d64f385fdc37f81456e82b80a1"
  integrity sha512-xOJ0LAHFwktyj8Xljz4R2wzRI+Y9mR0plkMP0WlqtwqAkqn/vbdAyRifiW/w8mXe17LGktntcAwsQ5fKVDBNYg==
  dependencies:
    ssr-window "^4.0.0"

esbuild@^0.12.17:
  version "0.12.22"
  resolved "https://registry.yarnpkg.com/esbuild/-/esbuild-0.12.22.tgz#6031a1257b8d0307d306bed673b79c3668607f51"
  integrity sha512-yWCr9RoFehpqoe/+MwZXJpYOEIt7KOEvNnjIeMZpMSyQt+KCBASM3y7yViiN5dJRphf1wGdUz1+M4rTtWd/ulA==

fsevents@~2.3.2:
  version "2.3.2"
  resolved "https://registry.yarnpkg.com/fsevents/-/fsevents-2.3.2.tgz#8a526f78b8fdf4623b709e0b975c52c24c02fd1a"
  integrity sha512-xiqMQR4xAeHTuB9uWm+fFRcIOgKBMiOBP+eXiyT7jsgVCq1bkVygt00oASowB7EdtpOHaaPgKt812P9ab+DDKA==

function-bind@^1.1.1:
  version "1.1.1"
  resolved "https://registry.yarnpkg.com/function-bind/-/function-bind-1.1.1.tgz#a56899d3ea3c9bab874bb9773b7c5ede92f4895d"
  integrity sha512-yIovAzMX49sF8Yl58fSCWJ5svSLuaibPxXQJFLmBObTuCr0Mf1KiPopGM9NiFjiYBCbfaa2Fh6breQ6ANVTI0A==

has@^1.0.3:
  version "1.0.3"
  resolved "https://registry.yarnpkg.com/has/-/has-1.0.3.tgz#722d7cbfc1f6aa8241f16dd814e011e1f41e8796"
  integrity sha512-f2dvO0VU6Oej7RkWJGrehjbzMAjFp5/VKPp5tTpWIV4JHHZK1/BxbFRtf/siA2SWTe09caDmVtYYzWEIbBS4zw==
  dependencies:
    function-bind "^1.1.1"

is-core-module@^2.2.0:
  version "2.6.0"
  resolved "https://registry.yarnpkg.com/is-core-module/-/is-core-module-2.6.0.tgz#d7553b2526fe59b92ba3e40c8df757ec8a709e19"
  integrity sha512-wShG8vs60jKfPWpF2KZRaAtvt3a20OAn7+IJ6hLPECpSABLcKtFKTTI4ZtH5QcBruBHlq+WsdHWyz0BCZW7svQ==
  dependencies:
    has "^1.0.3"

nanoid@^3.1.23:
  version "3.1.25"
  resolved "https://registry.yarnpkg.com/nanoid/-/nanoid-3.1.25.tgz#09ca32747c0e543f0e1814b7d3793477f9c8e152"
  integrity sha512-rdwtIXaXCLFAQbnfqDRnI6jaRHp9fTcYBjtFKE8eezcZ7LuLjhUaQGNeMXf1HmRoCH32CLz6XwX0TtxEOS/A3Q==

path-parse@^1.0.6:
  version "1.0.7"
  resolved "https://registry.yarnpkg.com/path-parse/-/path-parse-1.0.7.tgz#fbc114b60ca42b30d9daf5858e4bd68bbedb6735"
  integrity sha512-LDJzPVEEEPR+y48z93A0Ed0yXb8pAByGWo/k5YYdYgpY2/2EsOsksJrq7lOHxryrVOn1ejG6oAp8ahvOIQD8sw==

postcss@^8.3.6:
  version "8.3.6"
  resolved "https://registry.yarnpkg.com/postcss/-/postcss-8.3.6.tgz#2730dd76a97969f37f53b9a6096197be311cc4ea"
  integrity sha512-wG1cc/JhRgdqB6WHEuyLTedf3KIRuD0hG6ldkFEZNCjRxiC+3i6kkWUUbiJQayP28iwG35cEmAbe98585BYV0A==
  dependencies:
    colorette "^1.2.2"
    nanoid "^3.1.23"
    source-map-js "^0.6.2"

resolve@^1.20.0:
  version "1.20.0"
  resolved "https://registry.yarnpkg.com/resolve/-/resolve-1.20.0.tgz#629a013fb3f70755d6f0b7935cc1c2c5378b1975"
  integrity sha512-wENBPt4ySzg4ybFQW2TT1zMQucPK95HSh/nq2CFTZVOGut2+pQvSsgtda4d26YrYcr067wjbmzOG8byDPBX63A==
  dependencies:
    is-core-module "^2.2.0"
    path-parse "^1.0.6"

rollup@^2.38.5:
  version "2.56.3"
  resolved "https://registry.yarnpkg.com/rollup/-/rollup-2.56.3.tgz#b63edadd9851b0d618a6d0e6af8201955a77aeff"
  integrity sha512-Au92NuznFklgQCUcV96iXlxUbHuB1vQMaH76DHl5M11TotjOHwqk9CwcrT78+Tnv4FN9uTBxq6p4EJoYkpyekg==
  optionalDependencies:
    fsevents "~2.3.2"

source-map-js@^0.6.2:
  version "0.6.2"
  resolved "https://registry.yarnpkg.com/source-map-js/-/source-map-js-0.6.2.tgz#0bb5de631b41cfbda6cfba8bd05a80efdfd2385e"
  integrity sha512-/3GptzWzu0+0MBQFrDKzw/DvvMTUORvgY6k6jd/VS6iCR4RDTKWH6v6WPwQoUO8667uQEf9Oe38DxAYWY5F/Ug==

ssr-window@^4.0.0:
  version "4.0.0"
  resolved "https://registry.yarnpkg.com/ssr-window/-/ssr-window-4.0.0.tgz#4ee82fc360c5f88a022f321740bcfec59ada1a61"
  integrity sha512-qCg6wJNeGNTVcPK2KFNfwtHU1gA3UZDZdxogu+Ys5+Ue5PMOENxUb7sscpAWWo4mWOBkJRCwQ50IlyA7qZ0hxw==

svg.draggable.js@^2.2.2:
  version "2.2.2"
  resolved "https://registry.npmjs.org/svg.draggable.js/-/svg.draggable.js-2.2.2.tgz"
  integrity sha512-JzNHBc2fLQMzYCZ90KZHN2ohXL0BQJGQimK1kGk6AvSeibuKcIdDX9Kr0dT9+UJ5O8nYA0RB839Lhvk4CY4MZw==
  dependencies:
    svg.js "^2.0.1"

svg.easing.js@^2.0.0:
  version "2.0.0"
  resolved "https://registry.npmjs.org/svg.easing.js/-/svg.easing.js-2.0.0.tgz"
  integrity sha1-iqmUawqOJ4V6XEChDrpAkeVpHxI=
  dependencies:
    svg.js ">=2.3.x"

svg.filter.js@^2.0.2:
  version "2.0.2"
  resolved "https://registry.npmjs.org/svg.filter.js/-/svg.filter.js-2.0.2.tgz"
  integrity sha1-kQCOFROJ3ZIwd5/L5uLJo2LRwgM=
  dependencies:
    svg.js "^2.2.5"

svg.js@>=2.3.x, svg.js@^2.0.1, svg.js@^2.2.5, svg.js@^2.4.0, svg.js@^2.6.5:
  version "2.7.1"
  resolved "https://registry.npmjs.org/svg.js/-/svg.js-2.7.1.tgz"
  integrity sha512-ycbxpizEQktk3FYvn/8BH+6/EuWXg7ZpQREJvgacqn46gIddG24tNNe4Son6omdXCnSOaApnpZw6MPCBA1dODA==

svg.pathmorphing.js@^0.1.3:
  version "0.1.3"
  resolved "https://registry.npmjs.org/svg.pathmorphing.js/-/svg.pathmorphing.js-0.1.3.tgz"
  integrity sha512-49HWI9X4XQR/JG1qXkSDV8xViuTLIWm/B/7YuQELV5KMOPtXjiwH4XPJvr/ghEDibmLQ9Oc22dpWpG0vUDDNww==
  dependencies:
    svg.js "^2.4.0"

svg.resize.js@^1.4.3:
  version "1.4.3"
  resolved "https://registry.npmjs.org/svg.resize.js/-/svg.resize.js-1.4.3.tgz"
  integrity sha512-9k5sXJuPKp+mVzXNvxz7U0uC9oVMQrrf7cFsETznzUDDm0x8+77dtZkWdMfRlmbkEEYvUn9btKuZ3n41oNA+uw==
  dependencies:
    svg.js "^2.6.5"
    svg.select.js "^2.1.2"

svg.select.js@^2.1.2:
  version "2.1.2"
  resolved "https://registry.npmjs.org/svg.select.js/-/svg.select.js-2.1.2.tgz"
  integrity sha512-tH6ABEyJsAOVAhwcCjF8mw4crjXSI1aa7j2VQR8ZuJ37H2MBUbyeqYr5nEO7sSN3cy9AR9DUwNg0t/962HlDbQ==
  dependencies:
    svg.js "^2.2.5"

svg.select.js@^3.0.1:
  version "3.0.1"
  resolved "https://registry.npmjs.org/svg.select.js/-/svg.select.js-3.0.1.tgz"
  integrity sha512-h5IS/hKkuVCbKSieR9uQCj9w+zLHoPh+ce19bBYyqF53g6mnPB8sAtIbe1s9dh2S2fCmYX2xel1Ln3PJBbK4kw==
  dependencies:
    svg.js "^2.6.5"

swiper@^7.0.0:
  version "7.0.0"
  resolved "https://registry.yarnpkg.com/swiper/-/swiper-7.0.0.tgz#55686bce40bb79eee18fd1013bddf7c588e4dca6"
  integrity sha512-Aqz14RXGhwl7elf23ZG0kUfnKGUCAcO1p81BFwC2g9QT9dj4Gq6UOcDxJGGuRzJUcbPt422hz4il/IqHQK5Shg==
  dependencies:
    dom7 "^4.0.0"
    ssr-window "^4.0.0"

vite@^2.5.1:
  version "2.5.1"
  resolved "https://registry.yarnpkg.com/vite/-/vite-2.5.1.tgz#953c71a034c07b3ae0448d57664ec9c6862f23a8"
  integrity sha512-FwmLbbz8MB1pBs9dKoRDgpiqoijif8hSK1+NNUYc12/cnf+pM2UFhhQ1rcpXgbMhm/5c2USZdVAf0FSkSxaFDA==
  dependencies:
    esbuild "^0.12.17"
    postcss "^8.3.6"
    resolve "^1.20.0"
    rollup "^2.38.5"
  optionalDependencies:
    fsevents "~2.3.2"
